
Microsoft Visual Studio Solution File, Format Version 11.00
# Visual Studio 2010
Project("{FAE04EC0-301F-11D3-BF4B-00C04F79EFBC}") = "ThreadedCategorizationTest", "ThreadedCategorizationTest\ThreadedCategorizationTest.csproj", "{DB592037-AFD0-4158-B40B-AD8F5E38C7FE}"
EndProject
Global
	GlobalSection(SolutionConfigurationPlatforms) = preSolution
		Debug|x86 = Debug|x86
		Release|x86 = Release|x86
	EndGlobalSection
	GlobalSection(ProjectConfigurationPlatforms) = postSolution
		{DB592037-AFD0-4158-B40B-AD8F5E38C7FE}.Debug|x86.ActiveCfg = Debug|x86
		{DB592037-AFD0-4158-B40B-AD8F5E38C7FE}.Debug|x86.Build.0 = Debug|x86
		{DB592037-AFD0-4158-B40B-AD8F5E38C7FE}.Release|x86.ActiveCfg = Release|x86
		{DB592037-AFD0-4158-B40B-AD8F5E38C7FE}.Release|x86.Build.0 = Release|x86
	EndGlobalSection
	GlobalSection(SolutionProperties) = preSolution
		HideSolutionNode = FALSE
	EndGlobalSection
EndGlobal
