
Microsoft Visual Studio Solution File, Format Version 12.00
# Visual Studio 2012
Project("{FAE04EC0-301F-11D3-BF4B-00C04F79EFBC}") = "CategorizationEngine", "CategorizationEngine\CategorizationEngine.csproj", "{4730C4E9-78EC-4D4D-9E00-F2324B705D9E}"
EndProject
Project("{FAE04EC0-301F-11D3-BF4B-00C04F79EFBC}") = "Gui", "Gui\Gui.csproj", "{1C60F1F4-7671-45E3-8E48-8B98FB1B4F20}"
EndProject
Global
	GlobalSection(SolutionConfigurationPlatforms) = preSolution
		Debug|Any CPU = Debug|Any CPU
		Release|Any CPU = Release|Any CPU
	EndGlobalSection
	GlobalSection(ProjectConfigurationPlatforms) = postSolution
		{4730C4E9-78EC-4D4D-9E00-F2324B705D9E}.Debug|Any CPU.ActiveCfg = Debug|Any CPU
		{4730C4E9-78EC-4D4D-9E00-F2324B705D9E}.Debug|Any CPU.Build.0 = Debug|Any CPU
		{4730C4E9-78EC-4D4D-9E00-F2324B705D9E}.Release|Any CPU.ActiveCfg = Release|Any CPU
		{4730C4E9-78EC-4D4D-9E00-F2324B705D9E}.Release|Any CPU.Build.0 = Release|Any CPU
		{1C60F1F4-7671-45E3-8E48-8B98FB1B4F20}.Debug|Any CPU.ActiveCfg = Debug|Any CPU
		{1C60F1F4-7671-45E3-8E48-8B98FB1B4F20}.Debug|Any CPU.Build.0 = Debug|Any CPU
		{1C60F1F4-7671-45E3-8E48-8B98FB1B4F20}.Release|Any CPU.ActiveCfg = Release|Any CPU
		{1C60F1F4-7671-45E3-8E48-8B98FB1B4F20}.Release|Any CPU.Build.0 = Release|Any CPU
	EndGlobalSection
	GlobalSection(SolutionProperties) = preSolution
		HideSolutionNode = FALSE
	EndGlobalSection
EndGlobal
