
Microsoft Visual Studio Solution File, Format Version 11.00
# Visual Studio 2010
Project("{FAE04EC0-301F-11D3-BF4B-00C04F79EFBC}") = "Wpf ReactiveUI test", "Wpf ReactiveUI test\Wpf ReactiveUI test.csproj", "{481CE4FE-94B8-4CFF-B267-9BDED5561BF4}"
EndProject
Global
	GlobalSection(SolutionConfigurationPlatforms) = preSolution
		Debug|x86 = Debug|x86
		Release|x86 = Release|x86
	EndGlobalSection
	GlobalSection(ProjectConfigurationPlatforms) = postSolution
		{481CE4FE-94B8-4CFF-B267-9BDED5561BF4}.Debug|x86.ActiveCfg = Debug|x86
		{481CE4FE-94B8-4CFF-B267-9BDED5561BF4}.Debug|x86.Build.0 = Debug|x86
		{481CE4FE-94B8-4CFF-B267-9BDED5561BF4}.Release|x86.ActiveCfg = Release|x86
		{481CE4FE-94B8-4CFF-B267-9BDED5561BF4}.Release|x86.Build.0 = Release|x86
	EndGlobalSection
	GlobalSection(SolutionProperties) = preSolution
		HideSolutionNode = FALSE
	EndGlobalSection
EndGlobal
