
Microsoft Visual Studio Solution File, Format Version 11.00
# Visual Studio 2010
Project("{FAE04EC0-301F-11D3-BF4B-00C04F79EFBC}") = "Wpf Common Test", "Wpf Common Test\Wpf Common Test.csproj", "{B157257F-4F09-4040-8125-E8744365C443}"
EndProject
Project("{FAE04EC0-301F-11D3-BF4B-00C04F79EFBC}") = "ListView test", "ListView test\ListView test.csproj", "{EB1C64A2-DDF9-4C71-AFAE-27CFC3134AA8}"
EndProject
Project("{FAE04EC0-301F-11D3-BF4B-00C04F79EFBC}") = "Model", "Model\Model.csproj", "{E0DEBA64-82BF-4AD4-BEAF-954268997B56}"
EndProject
Project("{FAE04EC0-301F-11D3-BF4B-00C04F79EFBC}") = "SortUtils", "Sort Utils\SortUtils.csproj", "{93559426-C6FB-413C-B7FD-1A933FEE105F}"
EndProject
Project("{FAE04EC0-301F-11D3-BF4B-00C04F79EFBC}") = "MahAppsMetroTest", "MahAppsMetroTest\MahAppsMetroTest.csproj", "{4C1E4E72-8B59-403D-8EBD-E248821290AE}"
EndProject
Project("{FAE04EC0-301F-11D3-BF4B-00C04F79EFBC}") = "VisualStateManagerTest", "VisualStateManagerTest\VisualStateManagerTest.csproj", "{777CD4E9-362E-49B7-89B9-FCA34C58F8C2}"
EndProject
Project("{FAE04EC0-301F-11D3-BF4B-00C04F79EFBC}") = "MEFTest", "MEFTest\MEFTest.csproj", "{2C2F9C1E-7EA4-4F2F-9A4A-560DF092BEE1}"
EndProject
Project("{FAE04EC0-301F-11D3-BF4B-00C04F79EFBC}") = "BreadCrumbTest", "BreadCrumbTest\BreadCrumbTest.csproj", "{928E5DCF-2260-4DE7-82AA-A48674E0D5AD}"
EndProject
Project("{FAE04EC0-301F-11D3-BF4B-00C04F79EFBC}") = "ObservableObjectLibrary", "ObservableObjectLibrary\ObservableObjectLibrary.csproj", "{B2A971F6-EC4F-4E89-A5BE-BFE661355633}"
EndProject
Project("{FAE04EC0-301F-11D3-BF4B-00C04F79EFBC}") = "ObservableObjectTest", "ObservableObjectTest\ObservableObjectTest.csproj", "{8EEC7B2F-3393-456A-8948-99FFE84754DE}"
EndProject
Project("{2150E333-8FDC-42A3-9474-1A3956D46DE8}") = "Solution Items", "Solution Items", "{58F195C1-F182-435A-87E6-ADA1B6E87BC6}"
	ProjectSection(SolutionItems) = preProject
		Local.testsettings = Local.testsettings
		TraceAndTestImpact.testsettings = TraceAndTestImpact.testsettings
		Wpf Common Test.vsmdi = Wpf Common Test.vsmdi
	EndProjectSection
EndProject
Project("{FAE04EC0-301F-11D3-BF4B-00C04F79EFBC}") = "ValidationTest", "ValidationTest\ValidationTest.csproj", "{82D07A5B-C0BE-4BAF-9AE6-300364CDA9E8}"
EndProject
Global
	GlobalSection(TestCaseManagementSettings) = postSolution
		CategoryFile = Wpf Common Test.vsmdi
	EndGlobalSection
	GlobalSection(SolutionConfigurationPlatforms) = preSolution
		Debug|Any CPU = Debug|Any CPU
		Debug|Mixed Platforms = Debug|Mixed Platforms
		Debug|x86 = Debug|x86
		Release|Any CPU = Release|Any CPU
		Release|Mixed Platforms = Release|Mixed Platforms
		Release|x86 = Release|x86
	EndGlobalSection
	GlobalSection(ProjectConfigurationPlatforms) = postSolution
		{B157257F-4F09-4040-8125-E8744365C443}.Debug|Any CPU.ActiveCfg = Debug|x86
		{B157257F-4F09-4040-8125-E8744365C443}.Debug|Mixed Platforms.ActiveCfg = Debug|x86
		{B157257F-4F09-4040-8125-E8744365C443}.Debug|Mixed Platforms.Build.0 = Debug|x86
		{B157257F-4F09-4040-8125-E8744365C443}.Debug|x86.ActiveCfg = Debug|x86
		{B157257F-4F09-4040-8125-E8744365C443}.Debug|x86.Build.0 = Debug|x86
		{B157257F-4F09-4040-8125-E8744365C443}.Release|Any CPU.ActiveCfg = Release|x86
		{B157257F-4F09-4040-8125-E8744365C443}.Release|Mixed Platforms.ActiveCfg = Release|x86
		{B157257F-4F09-4040-8125-E8744365C443}.Release|Mixed Platforms.Build.0 = Release|x86
		{B157257F-4F09-4040-8125-E8744365C443}.Release|x86.ActiveCfg = Release|x86
		{B157257F-4F09-4040-8125-E8744365C443}.Release|x86.Build.0 = Release|x86
		{EB1C64A2-DDF9-4C71-AFAE-27CFC3134AA8}.Debug|Any CPU.ActiveCfg = Debug|x86
		{EB1C64A2-DDF9-4C71-AFAE-27CFC3134AA8}.Debug|Mixed Platforms.ActiveCfg = Debug|x86
		{EB1C64A2-DDF9-4C71-AFAE-27CFC3134AA8}.Debug|Mixed Platforms.Build.0 = Debug|x86
		{EB1C64A2-DDF9-4C71-AFAE-27CFC3134AA8}.Debug|x86.ActiveCfg = Debug|x86
		{EB1C64A2-DDF9-4C71-AFAE-27CFC3134AA8}.Debug|x86.Build.0 = Debug|x86
		{EB1C64A2-DDF9-4C71-AFAE-27CFC3134AA8}.Release|Any CPU.ActiveCfg = Release|x86
		{EB1C64A2-DDF9-4C71-AFAE-27CFC3134AA8}.Release|Mixed Platforms.ActiveCfg = Release|x86
		{EB1C64A2-DDF9-4C71-AFAE-27CFC3134AA8}.Release|Mixed Platforms.Build.0 = Release|x86
		{EB1C64A2-DDF9-4C71-AFAE-27CFC3134AA8}.Release|x86.ActiveCfg = Release|x86
		{EB1C64A2-DDF9-4C71-AFAE-27CFC3134AA8}.Release|x86.Build.0 = Release|x86
		{E0DEBA64-82BF-4AD4-BEAF-954268997B56}.Debug|Any CPU.ActiveCfg = Debug|Any CPU
		{E0DEBA64-82BF-4AD4-BEAF-954268997B56}.Debug|Any CPU.Build.0 = Debug|Any CPU
		{E0DEBA64-82BF-4AD4-BEAF-954268997B56}.Debug|Mixed Platforms.ActiveCfg = Debug|Any CPU
		{E0DEBA64-82BF-4AD4-BEAF-954268997B56}.Debug|Mixed Platforms.Build.0 = Debug|Any CPU
		{E0DEBA64-82BF-4AD4-BEAF-954268997B56}.Debug|x86.ActiveCfg = Debug|Any CPU
		{E0DEBA64-82BF-4AD4-BEAF-954268997B56}.Release|Any CPU.ActiveCfg = Release|Any CPU
		{E0DEBA64-82BF-4AD4-BEAF-954268997B56}.Release|Any CPU.Build.0 = Release|Any CPU
		{E0DEBA64-82BF-4AD4-BEAF-954268997B56}.Release|Mixed Platforms.ActiveCfg = Release|Any CPU
		{E0DEBA64-82BF-4AD4-BEAF-954268997B56}.Release|Mixed Platforms.Build.0 = Release|Any CPU
		{E0DEBA64-82BF-4AD4-BEAF-954268997B56}.Release|x86.ActiveCfg = Release|Any CPU
		{93559426-C6FB-413C-B7FD-1A933FEE105F}.Debug|Any CPU.ActiveCfg = Debug|Any CPU
		{93559426-C6FB-413C-B7FD-1A933FEE105F}.Debug|Any CPU.Build.0 = Debug|Any CPU
		{93559426-C6FB-413C-B7FD-1A933FEE105F}.Debug|Mixed Platforms.ActiveCfg = Debug|Any CPU
		{93559426-C6FB-413C-B7FD-1A933FEE105F}.Debug|Mixed Platforms.Build.0 = Debug|Any CPU
		{93559426-C6FB-413C-B7FD-1A933FEE105F}.Debug|x86.ActiveCfg = Debug|Any CPU
		{93559426-C6FB-413C-B7FD-1A933FEE105F}.Release|Any CPU.ActiveCfg = Release|Any CPU
		{93559426-C6FB-413C-B7FD-1A933FEE105F}.Release|Any CPU.Build.0 = Release|Any CPU
		{93559426-C6FB-413C-B7FD-1A933FEE105F}.Release|Mixed Platforms.ActiveCfg = Release|Any CPU
		{93559426-C6FB-413C-B7FD-1A933FEE105F}.Release|Mixed Platforms.Build.0 = Release|Any CPU
		{93559426-C6FB-413C-B7FD-1A933FEE105F}.Release|x86.ActiveCfg = Release|Any CPU
		{4C1E4E72-8B59-403D-8EBD-E248821290AE}.Debug|Any CPU.ActiveCfg = Debug|x86
		{4C1E4E72-8B59-403D-8EBD-E248821290AE}.Debug|Mixed Platforms.ActiveCfg = Debug|x86
		{4C1E4E72-8B59-403D-8EBD-E248821290AE}.Debug|Mixed Platforms.Build.0 = Debug|x86
		{4C1E4E72-8B59-403D-8EBD-E248821290AE}.Debug|x86.ActiveCfg = Debug|x86
		{4C1E4E72-8B59-403D-8EBD-E248821290AE}.Debug|x86.Build.0 = Debug|x86
		{4C1E4E72-8B59-403D-8EBD-E248821290AE}.Release|Any CPU.ActiveCfg = Release|x86
		{4C1E4E72-8B59-403D-8EBD-E248821290AE}.Release|Mixed Platforms.ActiveCfg = Release|x86
		{4C1E4E72-8B59-403D-8EBD-E248821290AE}.Release|Mixed Platforms.Build.0 = Release|x86
		{4C1E4E72-8B59-403D-8EBD-E248821290AE}.Release|x86.ActiveCfg = Release|x86
		{4C1E4E72-8B59-403D-8EBD-E248821290AE}.Release|x86.Build.0 = Release|x86
		{777CD4E9-362E-49B7-89B9-FCA34C58F8C2}.Debug|Any CPU.ActiveCfg = Debug|x86
		{777CD4E9-362E-49B7-89B9-FCA34C58F8C2}.Debug|Mixed Platforms.ActiveCfg = Debug|x86
		{777CD4E9-362E-49B7-89B9-FCA34C58F8C2}.Debug|Mixed Platforms.Build.0 = Debug|x86
		{777CD4E9-362E-49B7-89B9-FCA34C58F8C2}.Debug|x86.ActiveCfg = Debug|x86
		{777CD4E9-362E-49B7-89B9-FCA34C58F8C2}.Debug|x86.Build.0 = Debug|x86
		{777CD4E9-362E-49B7-89B9-FCA34C58F8C2}.Release|Any CPU.ActiveCfg = Release|x86
		{777CD4E9-362E-49B7-89B9-FCA34C58F8C2}.Release|Mixed Platforms.ActiveCfg = Release|x86
		{777CD4E9-362E-49B7-89B9-FCA34C58F8C2}.Release|Mixed Platforms.Build.0 = Release|x86
		{777CD4E9-362E-49B7-89B9-FCA34C58F8C2}.Release|x86.ActiveCfg = Release|x86
		{777CD4E9-362E-49B7-89B9-FCA34C58F8C2}.Release|x86.Build.0 = Release|x86
		{2C2F9C1E-7EA4-4F2F-9A4A-560DF092BEE1}.Debug|Any CPU.ActiveCfg = Debug|x86
		{2C2F9C1E-7EA4-4F2F-9A4A-560DF092BEE1}.Debug|Mixed Platforms.ActiveCfg = Debug|x86
		{2C2F9C1E-7EA4-4F2F-9A4A-560DF092BEE1}.Debug|Mixed Platforms.Build.0 = Debug|x86
		{2C2F9C1E-7EA4-4F2F-9A4A-560DF092BEE1}.Debug|x86.ActiveCfg = Debug|x86
		{2C2F9C1E-7EA4-4F2F-9A4A-560DF092BEE1}.Debug|x86.Build.0 = Debug|x86
		{2C2F9C1E-7EA4-4F2F-9A4A-560DF092BEE1}.Release|Any CPU.ActiveCfg = Release|x86
		{2C2F9C1E-7EA4-4F2F-9A4A-560DF092BEE1}.Release|Mixed Platforms.ActiveCfg = Release|x86
		{2C2F9C1E-7EA4-4F2F-9A4A-560DF092BEE1}.Release|Mixed Platforms.Build.0 = Release|x86
		{2C2F9C1E-7EA4-4F2F-9A4A-560DF092BEE1}.Release|x86.ActiveCfg = Release|x86
		{2C2F9C1E-7EA4-4F2F-9A4A-560DF092BEE1}.Release|x86.Build.0 = Release|x86
		{928E5DCF-2260-4DE7-82AA-A48674E0D5AD}.Debug|Any CPU.ActiveCfg = Debug|x86
		{928E5DCF-2260-4DE7-82AA-A48674E0D5AD}.Debug|Mixed Platforms.ActiveCfg = Debug|x86
		{928E5DCF-2260-4DE7-82AA-A48674E0D5AD}.Debug|Mixed Platforms.Build.0 = Debug|x86
		{928E5DCF-2260-4DE7-82AA-A48674E0D5AD}.Debug|x86.ActiveCfg = Debug|x86
		{928E5DCF-2260-4DE7-82AA-A48674E0D5AD}.Debug|x86.Build.0 = Debug|x86
		{928E5DCF-2260-4DE7-82AA-A48674E0D5AD}.Release|Any CPU.ActiveCfg = Release|x86
		{928E5DCF-2260-4DE7-82AA-A48674E0D5AD}.Release|Mixed Platforms.ActiveCfg = Release|x86
		{928E5DCF-2260-4DE7-82AA-A48674E0D5AD}.Release|Mixed Platforms.Build.0 = Release|x86
		{928E5DCF-2260-4DE7-82AA-A48674E0D5AD}.Release|x86.ActiveCfg = Release|x86
		{928E5DCF-2260-4DE7-82AA-A48674E0D5AD}.Release|x86.Build.0 = Release|x86
		{B2A971F6-EC4F-4E89-A5BE-BFE661355633}.Debug|Any CPU.ActiveCfg = Debug|Any CPU
		{B2A971F6-EC4F-4E89-A5BE-BFE661355633}.Debug|Any CPU.Build.0 = Debug|Any CPU
		{B2A971F6-EC4F-4E89-A5BE-BFE661355633}.Debug|Mixed Platforms.ActiveCfg = Debug|Any CPU
		{B2A971F6-EC4F-4E89-A5BE-BFE661355633}.Debug|Mixed Platforms.Build.0 = Debug|Any CPU
		{B2A971F6-EC4F-4E89-A5BE-BFE661355633}.Debug|x86.ActiveCfg = Debug|Any CPU
		{B2A971F6-EC4F-4E89-A5BE-BFE661355633}.Release|Any CPU.ActiveCfg = Release|Any CPU
		{B2A971F6-EC4F-4E89-A5BE-BFE661355633}.Release|Any CPU.Build.0 = Release|Any CPU
		{B2A971F6-EC4F-4E89-A5BE-BFE661355633}.Release|Mixed Platforms.ActiveCfg = Release|Any CPU
		{B2A971F6-EC4F-4E89-A5BE-BFE661355633}.Release|Mixed Platforms.Build.0 = Release|Any CPU
		{B2A971F6-EC4F-4E89-A5BE-BFE661355633}.Release|x86.ActiveCfg = Release|Any CPU
		{8EEC7B2F-3393-456A-8948-99FFE84754DE}.Debug|Any CPU.ActiveCfg = Debug|Any CPU
		{8EEC7B2F-3393-456A-8948-99FFE84754DE}.Debug|Any CPU.Build.0 = Debug|Any CPU
		{8EEC7B2F-3393-456A-8948-99FFE84754DE}.Debug|Mixed Platforms.ActiveCfg = Debug|Any CPU
		{8EEC7B2F-3393-456A-8948-99FFE84754DE}.Debug|Mixed Platforms.Build.0 = Debug|Any CPU
		{8EEC7B2F-3393-456A-8948-99FFE84754DE}.Debug|x86.ActiveCfg = Debug|Any CPU
		{8EEC7B2F-3393-456A-8948-99FFE84754DE}.Release|Any CPU.ActiveCfg = Release|Any CPU
		{8EEC7B2F-3393-456A-8948-99FFE84754DE}.Release|Any CPU.Build.0 = Release|Any CPU
		{8EEC7B2F-3393-456A-8948-99FFE84754DE}.Release|Mixed Platforms.ActiveCfg = Release|Any CPU
		{8EEC7B2F-3393-456A-8948-99FFE84754DE}.Release|Mixed Platforms.Build.0 = Release|Any CPU
		{8EEC7B2F-3393-456A-8948-99FFE84754DE}.Release|x86.ActiveCfg = Release|Any CPU
		{82D07A5B-C0BE-4BAF-9AE6-300364CDA9E8}.Debug|Any CPU.ActiveCfg = Debug|x86
		{82D07A5B-C0BE-4BAF-9AE6-300364CDA9E8}.Debug|Mixed Platforms.ActiveCfg = Debug|x86
		{82D07A5B-C0BE-4BAF-9AE6-300364CDA9E8}.Debug|Mixed Platforms.Build.0 = Debug|x86
		{82D07A5B-C0BE-4BAF-9AE6-300364CDA9E8}.Debug|x86.ActiveCfg = Debug|x86
		{82D07A5B-C0BE-4BAF-9AE6-300364CDA9E8}.Debug|x86.Build.0 = Debug|x86
		{82D07A5B-C0BE-4BAF-9AE6-300364CDA9E8}.Release|Any CPU.ActiveCfg = Release|x86
		{82D07A5B-C0BE-4BAF-9AE6-300364CDA9E8}.Release|Mixed Platforms.ActiveCfg = Release|x86
		{82D07A5B-C0BE-4BAF-9AE6-300364CDA9E8}.Release|Mixed Platforms.Build.0 = Release|x86
		{82D07A5B-C0BE-4BAF-9AE6-300364CDA9E8}.Release|x86.ActiveCfg = Release|x86
		{82D07A5B-C0BE-4BAF-9AE6-300364CDA9E8}.Release|x86.Build.0 = Release|x86
	EndGlobalSection
	GlobalSection(SolutionProperties) = preSolution
		HideSolutionNode = FALSE
	EndGlobalSection
EndGlobal
